
Microsoft Visual Studio Solution File, Format Version 12.00
# Visual Studio Version 16
VisualStudioVersion = 25.0.1706.12
MinimumVisualStudioVersion = 10.0.40219.1
Project("{FAE04EC0-301F-11D3-BF4B-00C04F79EFBC}") = "practicing01", "practicing01\practicing01.csproj", "{7BD09D15-4112-4053-BBD4-538510CC19CE}"
EndProject
Global
	GlobalSection(SolutionConfigurationPlatforms) = preSolution
		Debug|Any CPU = Debug|Any CPU
		Release|Any CPU = Release|Any CPU
	EndGlobalSection
	GlobalSection(ProjectConfigurationPlatforms) = postSolution
		{7BD09D15-4112-4053-BBD4-538510CC19CE}.Debug|Any CPU.ActiveCfg = Debug|Any CPU
		{7BD09D15-4112-4053-BBD4-538510CC19CE}.Debug|Any CPU.Build.0 = Debug|Any CPU
		{7BD09D15-4112-4053-BBD4-538510CC19CE}.Release|Any CPU.ActiveCfg = Release|Any CPU
		{7BD09D15-4112-4053-BBD4-538510CC19CE}.Release|Any CPU.Build.0 = Release|Any CPU
	EndGlobalSection
	GlobalSection(SolutionProperties) = preSolution
		HideSolutionNode = FALSE
	EndGlobalSection
	GlobalSection(ExtensibilityGlobals) = postSolution
		SolutionGuid = {20954819-1396-4F20-96C9-13776C1EB13F}
	EndGlobalSection
EndGlobal
